// !$*UTF8*$!
{
	archiveVersion = 1;
	classes = {
	};
	objectVersion = 46;
	objects = {

/* Begin PBXBuildFile section */
		D82477CF1D932639001EC865 /* blackcat.png in Resources */ = {isa = PBXBuildFile; fileRef = D824779A1D932639001EC865 /* blackcat.png */; };
		D82477D01D932639001EC865 /* blackcat256.png in Resources */ = {isa = PBXBuildFile; fileRef = D824779B1D932639001EC865 /* blackcat256.png */; };
		D82477E11D932639001EC865 /* camera.png in Resources */ = {isa = PBXBuildFile; fileRef = D82477AD1D932639001EC865 /* camera.png */; };
		D82477E21D932639001EC865 /* cat.png in Resources */ = {isa = PBXBuildFile; fileRef = D82477AE1D932639001EC865 /* cat.png */; };
		D82477E31D932639001EC865 /* cat256.png in Resources */ = {isa = PBXBuildFile; fileRef = D82477AF1D932639001EC865 /* cat256.png */; };
		D82477E41D932639001EC865 /* cateyes.png in Resources */ = {isa = PBXBuildFile; fileRef = D82477B01D932639001EC865 /* cateyes.png */; };
		D82477E51D932639001EC865 /* cateyes256.png in Resources */ = {isa = PBXBuildFile; fileRef = D82477B11D932639001EC865 /* cateyes256.png */; };
		D82477E61D932639001EC865 /* dog.png in Resources */ = {isa = PBXBuildFile; fileRef = D82477B21D932639001EC865 /* dog.png */; };
		D82477E71D932639001EC865 /* dog256.png in Resources */ = {isa = PBXBuildFile; fileRef = D82477B31D932639001EC865 /* dog256.png */; };
		D82477E81D932639001EC865 /* GHPMessage.png in Resources */ = {isa = PBXBuildFile; fileRef = D82477B41D932639001EC865 /* GHPMessage.png */; };
		D82477E91D932639001EC865 /* happydog.png in Resources */ = {isa = PBXBuildFile; fileRef = D82477B51D932639001EC865 /* happydog.png */; };
		D82477EA1D932639001EC865 /* happydog256.png in Resources */ = {isa = PBXBuildFile; fileRef = D82477B61D932639001EC865 /* happydog256.png */; };
		D82477EB1D932639001EC865 /* husky.png in Resources */ = {isa = PBXBuildFile; fileRef = D82477B71D932639001EC865 /* husky.png */; };
		D82477EC1D932639001EC865 /* husky256.png in Resources */ = {isa = PBXBuildFile; fileRef = D82477B81D932639001EC865 /* husky256.png */; };
		D82477ED1D932639001EC865 /* landscape-picture.png in Resources */ = {isa = PBXBuildFile; fileRef = D82477B91D932639001EC865 /* landscape-picture.png */; };
		D82477EE1D932639001EC865 /* rotate.png in Resources */ = {isa = PBXBuildFile; fileRef = D82477BA1D932639001EC865 /* rotate.png */; };
		D82477EF1D932639001EC865 /* snap32.png in Resources */ = {isa = PBXBuildFile; fileRef = D82477BB1D932639001EC865 /* snap32.png */; };
		D82477F01D932639001EC865 /* snap48.png in Resources */ = {isa = PBXBuildFile; fileRef = D82477BC1D932639001EC865 /* snap48.png */; };
		D82477F11D932639001EC865 /* Just.swift in Sources */ = {isa = PBXBuildFile; fileRef = D82477BE1D932639001EC865 /* Just.swift */; };
		D82477F21D932639001EC865 /* KeyChainAccess.swift in Sources */ = {isa = PBXBuildFile; fileRef = D82477BF1D932639001EC865 /* KeyChainAccess.swift */; };
		D82477F31D932639001EC865 /* ServerManager.swift in Sources */ = {isa = PBXBuildFile; fileRef = D82477C01D932639001EC865 /* ServerManager.swift */; };
		D82477F41D932639001EC865 /* Shared.swift in Sources */ = {isa = PBXBuildFile; fileRef = D82477C11D932639001EC865 /* Shared.swift */; };
		D82477F51D932639001EC865 /* StoreManager.swift in Sources */ = {isa = PBXBuildFile; fileRef = D82477C21D932639001EC865 /* StoreManager.swift */; };
		D82477F61D932639001EC865 /* AboutController.swift in Sources */ = {isa = PBXBuildFile; fileRef = D82477C41D932639001EC865 /* AboutController.swift */; };
		D82477F71D932639001EC865 /* AnimationFileClasses.swift in Sources */ = {isa = PBXBuildFile; fileRef = D82477C51D932639001EC865 /* AnimationFileClasses.swift */; };
		D82477F81D932639001EC865 /* ImageEffects.swift in Sources */ = {isa = PBXBuildFile; fileRef = D82477C61D932639001EC865 /* ImageEffects.swift */; };
		D82477FA1D932639001EC865 /* MessagesViewController.swift in Sources */ = {isa = PBXBuildFile; fileRef = D82477C81D932639001EC865 /* MessagesViewController.swift */; };
		D82477FB1D932639001EC865 /* CameraOverlay.swift in Sources */ = {isa = PBXBuildFile; fileRef = D82477CA1D932639001EC865 /* CameraOverlay.swift */; };
		D82477FC1D932639001EC865 /* FacesControl.swift in Sources */ = {isa = PBXBuildFile; fileRef = D82477CB1D932639001EC865 /* FacesControl.swift */; };
		D82477FE1D932639001EC865 /* OptionsButton.swift in Sources */ = {isa = PBXBuildFile; fileRef = D82477CD1D932639001EC865 /* OptionsButton.swift */; };
		D82477FF1D932639001EC865 /* PreviewView.swift in Sources */ = {isa = PBXBuildFile; fileRef = D82477CE1D932639001EC865 /* PreviewView.swift */; };
		D82478041D93271A001EC865 /* Assets.xcassets in Resources */ = {isa = PBXBuildFile; fileRef = D82478031D93271A001EC865 /* Assets.xcassets */; };
		D82478061D9327F0001EC865 /* ImageEditor.swift in Sources */ = {isa = PBXBuildFile; fileRef = D82478051D9327F0001EC865 /* ImageEditor.swift */; };
		D8B278241D78CBD100B8AC25 /* Assets.xcassets in Resources */ = {isa = PBXBuildFile; fileRef = D8B278231D78CBD100B8AC25 /* Assets.xcassets */; };
		D8B2782B1D78CBD100B8AC25 /* MessagesExtension.appex in Embed App Extensions */ = {isa = PBXBuildFile; fileRef = D8B2782A1D78CBD100B8AC25 /* MessagesExtension.appex */; settings = {ATTRIBUTES = (RemoveHeadersOnCopy, ); }; };
		D8B278301D78CBD100B8AC25 /* Messages.framework in Frameworks */ = {isa = PBXBuildFile; fileRef = D8B2782F1D78CBD100B8AC25 /* Messages.framework */; };
		D8B278481D78CC4D00B8AC25 /* MainInterface.storyboard in Resources */ = {isa = PBXBuildFile; fileRef = D8B278471D78CC4D00B8AC25 /* MainInterface.storyboard */; };
/* End PBXBuildFile section */

/* Begin PBXContainerItemProxy section */
		D8B2782C1D78CBD100B8AC25 /* PBXContainerItemProxy */ = {
			isa = PBXContainerItemProxy;
			containerPortal = D8B2781A1D78CBD100B8AC25 /* Project object */;
			proxyType = 1;
			remoteGlobalIDString = D8B278291D78CBD100B8AC25;
			remoteInfo = MessagesExtension;
		};
/* End PBXContainerItemProxy section */

/* Begin PBXCopyFilesBuildPhase section */
		D8B2783F1D78CBD100B8AC25 /* Embed App Extensions */ = {
			isa = PBXCopyFilesBuildPhase;
			buildActionMask = 2147483647;
			dstPath = "";
			dstSubfolderSpec = 13;
			files = (
				D8B2782B1D78CBD100B8AC25 /* MessagesExtension.appex in Embed App Extensions */,
			);
			name = "Embed App Extensions";
			runOnlyForDeploymentPostprocessing = 0;
		};
/* End PBXCopyFilesBuildPhase section */

/* Begin PBXFileReference section */
		D824779A1D932639001EC865 /* blackcat.png */ = {isa = PBXFileReference; lastKnownFileType = image.png; path = blackcat.png; sourceTree = "<group>"; };
		D824779B1D932639001EC865 /* blackcat256.png */ = {isa = PBXFileReference; lastKnownFileType = image.png; path = blackcat256.png; sourceTree = "<group>"; };
		D82477AD1D932639001EC865 /* camera.png */ = {isa = PBXFileReference; lastKnownFileType = image.png; path = camera.png; sourceTree = "<group>"; };
		D82477AE1D932639001EC865 /* cat.png */ = {isa = PBXFileReference; lastKnownFileType = image.png; path = cat.png; sourceTree = "<group>"; };
		D82477AF1D932639001EC865 /* cat256.png */ = {isa = PBXFileReference; lastKnownFileType = image.png; path = cat256.png; sourceTree = "<group>"; };
		D82477B01D932639001EC865 /* cateyes.png */ = {isa = PBXFileReference; lastKnownFileType = image.png; path = cateyes.png; sourceTree = "<group>"; };
		D82477B11D932639001EC865 /* cateyes256.png */ = {isa = PBXFileReference; lastKnownFileType = image.png; path = cateyes256.png; sourceTree = "<group>"; };
		D82477B21D932639001EC865 /* dog.png */ = {isa = PBXFileReference; lastKnownFileType = image.png; path = dog.png; sourceTree = "<group>"; };
		D82477B31D932639001EC865 /* dog256.png */ = {isa = PBXFileReference; lastKnownFileType = image.png; path = dog256.png; sourceTree = "<group>"; };
		D82477B41D932639001EC865 /* GHPMessage.png */ = {isa = PBXFileReference; lastKnownFileType = image.png; path = GHPMessage.png; sourceTree = "<group>"; };
		D82477B51D932639001EC865 /* happydog.png */ = {isa = PBXFileReference; lastKnownFileType = image.png; path = happydog.png; sourceTree = "<group>"; };
		D82477B61D932639001EC865 /* happydog256.png */ = {isa = PBXFileReference; lastKnownFileType = image.png; path = happydog256.png; sourceTree = "<group>"; };
		D82477B71D932639001EC865 /* husky.png */ = {isa = PBXFileReference; lastKnownFileType = image.png; path = husky.png; sourceTree = "<group>"; };
		D82477B81D932639001EC865 /* husky256.png */ = {isa = PBXFileReference; lastKnownFileType = image.png; path = husky256.png; sourceTree = "<group>"; };
		D82477B91D932639001EC865 /* landscape-picture.png */ = {isa = PBXFileReference; lastKnownFileType = image.png; path = "landscape-picture.png"; sourceTree = "<group>"; };
		D82477BA1D932639001EC865 /* rotate.png */ = {isa = PBXFileReference; lastKnownFileType = image.png; path = rotate.png; sourceTree = "<group>"; };
		D82477BB1D932639001EC865 /* snap32.png */ = {isa = PBXFileReference; lastKnownFileType = image.png; path = snap32.png; sourceTree = "<group>"; };
		D82477BC1D932639001EC865 /* snap48.png */ = {isa = PBXFileReference; lastKnownFileType = image.png; path = snap48.png; sourceTree = "<group>"; };
		D82477BE1D932639001EC865 /* Just.swift */ = {isa = PBXFileReference; fileEncoding = 4; lastKnownFileType = sourcecode.swift; path = Just.swift; sourceTree = "<group>"; };
		D82477BF1D932639001EC865 /* KeyChainAccess.swift */ = {isa = PBXFileReference; fileEncoding = 4; lastKnownFileType = sourcecode.swift; path = KeyChainAccess.swift; sourceTree = "<group>"; };
		D82477C01D932639001EC865 /* ServerManager.swift */ = {isa = PBXFileReference; fileEncoding = 4; lastKnownFileType = sourcecode.swift; path = ServerManager.swift; sourceTree = "<group>"; };
		D82477C11D932639001EC865 /* Shared.swift */ = {isa = PBXFileReference; fileEncoding = 4; lastKnownFileType = sourcecode.swift; path = Shared.swift; sourceTree = "<group>"; };
		D82477C21D932639001EC865 /* StoreManager.swift */ = {isa = PBXFileReference; fileEncoding = 4; lastKnownFileType = sourcecode.swift; path = StoreManager.swift; sourceTree = "<group>"; };
		D82477C41D932639001EC865 /* AboutController.swift */ = {isa = PBXFileReference; fileEncoding = 4; lastKnownFileType = sourcecode.swift; path = AboutController.swift; sourceTree = "<group>"; };
		D82477C51D932639001EC865 /* AnimationFileClasses.swift */ = {isa = PBXFileReference; fileEncoding = 4; lastKnownFileType = sourcecode.swift; path = AnimationFileClasses.swift; sourceTree = "<group>"; };
		D82477C61D932639001EC865 /* ImageEffects.swift */ = {isa = PBXFileReference; fileEncoding = 4; lastKnownFileType = sourcecode.swift; name = ImageEffects.swift; path = ../UI/ImageEffects.swift; sourceTree = "<group>"; };
		D82477C81D932639001EC865 /* MessagesViewController.swift */ = {isa = PBXFileReference; fileEncoding = 4; lastKnownFileType = sourcecode.swift; path = MessagesViewController.swift; sourceTree = "<group>"; };
		D82477CA1D932639001EC865 /* CameraOverlay.swift */ = {isa = PBXFileReference; fileEncoding = 4; lastKnownFileType = sourcecode.swift; path = CameraOverlay.swift; sourceTree = "<group>"; };
		D82477CB1D932639001EC865 /* FacesControl.swift */ = {isa = PBXFileReference; fileEncoding = 4; lastKnownFileType = sourcecode.swift; path = FacesControl.swift; sourceTree = "<group>"; };
		D82477CD1D932639001EC865 /* OptionsButton.swift */ = {isa = PBXFileReference; fileEncoding = 4; lastKnownFileType = sourcecode.swift; path = OptionsButton.swift; sourceTree = "<group>"; };
		D82477CE1D932639001EC865 /* PreviewView.swift */ = {isa = PBXFileReference; fileEncoding = 4; lastKnownFileType = sourcecode.swift; path = PreviewView.swift; sourceTree = "<group>"; };
		D82478031D93271A001EC865 /* Assets.xcassets */ = {isa = PBXFileReference; lastKnownFileType = folder.assetcatalog; name = Assets.xcassets; path = ../Assets.xcassets; sourceTree = "<group>"; };
		D82478051D9327F0001EC865 /* ImageEditor.swift */ = {isa = PBXFileReference; fileEncoding = 4; lastKnownFileType = sourcecode.swift; path = ImageEditor.swift; sourceTree = "<group>"; };
		D8AAD1201D89BB03004A2094 /* MessagesExtension.entitlements */ = {isa = PBXFileReference; lastKnownFileType = text.plist.entitlements; path = MessagesExtension.entitlements; sourceTree = "<group>"; };
		D8B278201D78CBD100B8AC25 /* GhostPics.app */ = {isa = PBXFileReference; explicitFileType = wrapper.application; includeInIndex = 0; path = GhostPics.app; sourceTree = BUILT_PRODUCTS_DIR; };
		D8B278231D78CBD100B8AC25 /* Assets.xcassets */ = {isa = PBXFileReference; lastKnownFileType = folder.assetcatalog; path = Assets.xcassets; sourceTree = "<group>"; };
		D8B278251D78CBD100B8AC25 /* Info.plist */ = {isa = PBXFileReference; lastKnownFileType = text.plist.xml; path = Info.plist; sourceTree = "<group>"; };
		D8B2782A1D78CBD100B8AC25 /* MessagesExtension.appex */ = {isa = PBXFileReference; explicitFileType = "wrapper.app-extension"; includeInIndex = 0; path = MessagesExtension.appex; sourceTree = BUILT_PRODUCTS_DIR; };
		D8B2782F1D78CBD100B8AC25 /* Messages.framework */ = {isa = PBXFileReference; lastKnownFileType = wrapper.framework; name = Messages.framework; path = System/Library/Frameworks/Messages.framework; sourceTree = SDKROOT; };
		D8B278471D78CC4D00B8AC25 /* MainInterface.storyboard */ = {isa = PBXFileReference; fileEncoding = 4; lastKnownFileType = file.storyboard; path = MainInterface.storyboard; sourceTree = SOURCE_ROOT; };
/* End PBXFileReference section */

/* Begin PBXFrameworksBuildPhase section */
		D8B278271D78CBD100B8AC25 /* Frameworks */ = {
			isa = PBXFrameworksBuildPhase;
			buildActionMask = 2147483647;
			files = (
				D8B278301D78CBD100B8AC25 /* Messages.framework in Frameworks */,
			);
			runOnlyForDeploymentPostprocessing = 0;
		};
/* End PBXFrameworksBuildPhase section */

/* Begin PBXGroup section */
		D82477991D932639001EC865 /* Images */ = {
			isa = PBXGroup;
			children = (
				D82478031D93271A001EC865 /* Assets.xcassets */,
				D82478001D932654001EC865 /* Faces */,
				D82477AD1D932639001EC865 /* camera.png */,
				D82477B41D932639001EC865 /* GHPMessage.png */,
				D82477B91D932639001EC865 /* landscape-picture.png */,
				D82477BA1D932639001EC865 /* rotate.png */,
				D82477BB1D932639001EC865 /* snap32.png */,
				D82477BC1D932639001EC865 /* snap48.png */,
			);
			path = Images;
			sourceTree = "<group>";
		};
		D82477BD1D932639001EC865 /* Libraries */ = {
			isa = PBXGroup;
			children = (
				D82477BE1D932639001EC865 /* Just.swift */,
				D82477BF1D932639001EC865 /* KeyChainAccess.swift */,
				D82477C01D932639001EC865 /* ServerManager.swift */,
				D82477C11D932639001EC865 /* Shared.swift */,
				D82477C21D932639001EC865 /* StoreManager.swift */,
				D82477C61D932639001EC865 /* ImageEffects.swift */,
			);
			path = Libraries;
			sourceTree = "<group>";
		};
		D82477C31D932639001EC865 /* UI */ = {
			isa = PBXGroup;
			children = (
				D82477C41D932639001EC865 /* AboutController.swift */,
				D82477C51D932639001EC865 /* AnimationFileClasses.swift */,
				D82477C81D932639001EC865 /* MessagesViewController.swift */,
				D82477C91D932639001EC865 /* Views */,
			);
			path = UI;
			sourceTree = "<group>";
		};
		D82477C91D932639001EC865 /* Views */ = {
			isa = PBXGroup;
			children = (
				D82477CA1D932639001EC865 /* CameraOverlay.swift */,
				D82477CB1D932639001EC865 /* FacesControl.swift */,
				D82477CD1D932639001EC865 /* OptionsButton.swift */,
				D82477CE1D932639001EC865 /* PreviewView.swift */,
				D82478051D9327F0001EC865 /* ImageEditor.swift */,
			);
			path = Views;
			sourceTree = "<group>";
		};
		D82478001D932654001EC865 /* Faces */ = {
			isa = PBXGroup;
			children = (
				D824779A1D932639001EC865 /* blackcat.png */,
				D824779B1D932639001EC865 /* blackcat256.png */,
				D82477AE1D932639001EC865 /* cat.png */,
				D82477AF1D932639001EC865 /* cat256.png */,
				D82477B01D932639001EC865 /* cateyes.png */,
				D82477B11D932639001EC865 /* cateyes256.png */,
				D82477B21D932639001EC865 /* dog.png */,
				D82477B31D932639001EC865 /* dog256.png */,
				D82477B51D932639001EC865 /* happydog.png */,
				D82477B61D932639001EC865 /* happydog256.png */,
				D82477B71D932639001EC865 /* husky.png */,
				D82477B81D932639001EC865 /* husky256.png */,
			);
			name = Faces;
			sourceTree = "<group>";
		};
		D8B278191D78CBD100B8AC25 = {
			isa = PBXGroup;
			children = (
				D8B278221D78CBD100B8AC25 /* App */,
				D8B278311D78CBD100B8AC25 /* MessagesExtension */,
				D8B2782E1D78CBD100B8AC25 /* Frameworks */,
				D8B278211D78CBD100B8AC25 /* Products */,
			);
			sourceTree = "<group>";
		};
		D8B278211D78CBD100B8AC25 /* Products */ = {
			isa = PBXGroup;
			children = (
				D8B278201D78CBD100B8AC25 /* GhostPics.app */,
				D8B2782A1D78CBD100B8AC25 /* MessagesExtension.appex */,
			);
			name = Products;
			sourceTree = "<group>";
		};
		D8B278221D78CBD100B8AC25 /* App */ = {
			isa = PBXGroup;
			children = (
				D8B278231D78CBD100B8AC25 /* Assets.xcassets */,
				D8B278251D78CBD100B8AC25 /* Info.plist */,
			);
			name = App;
			path = GhostPics;
			sourceTree = "<group>";
		};
		D8B2782E1D78CBD100B8AC25 /* Frameworks */ = {
			isa = PBXGroup;
			children = (
				D8B2782F1D78CBD100B8AC25 /* Messages.framework */,
			);
			name = Frameworks;
			sourceTree = "<group>";
		};
		D8B278311D78CBD100B8AC25 /* MessagesExtension */ = {
			isa = PBXGroup;
			children = (
				D8AAD1201D89BB03004A2094 /* MessagesExtension.entitlements */,
				D8B278471D78CC4D00B8AC25 /* MainInterface.storyboard */,
				D82477991D932639001EC865 /* Images */,
				D82477BD1D932639001EC865 /* Libraries */,
				D82477C31D932639001EC865 /* UI */,
			);
			path = MessagesExtension;
			sourceTree = "<group>";
		};
/* End PBXGroup section */

/* Begin PBXNativeTarget section */
		D8B2781F1D78CBD100B8AC25 /* GhostPics */ = {
			isa = PBXNativeTarget;
			buildConfigurationList = D8B278401D78CBD100B8AC25 /* Build configuration list for PBXNativeTarget "GhostPics" */;
			buildPhases = (
				D8B2781E1D78CBD100B8AC25 /* Resources */,
				D8B2783F1D78CBD100B8AC25 /* Embed App Extensions */,
			);
			buildRules = (
			);
			dependencies = (
				D8B2782D1D78CBD100B8AC25 /* PBXTargetDependency */,
			);
			name = GhostPics;
			productName = GhostPics;
			productReference = D8B278201D78CBD100B8AC25 /* GhostPics.app */;
			productType = "com.apple.product-type.application.messages";
		};
		D8B278291D78CBD100B8AC25 /* MessagesExtension */ = {
			isa = PBXNativeTarget;
			buildConfigurationList = D8B2783C1D78CBD100B8AC25 /* Build configuration list for PBXNativeTarget "MessagesExtension" */;
			buildPhases = (
				D8B278261D78CBD100B8AC25 /* Sources */,
				D8B278271D78CBD100B8AC25 /* Frameworks */,
				D8B278281D78CBD100B8AC25 /* Resources */,
			);
			buildRules = (
			);
			dependencies = (
			);
			name = MessagesExtension;
			productName = MessagesExtension;
			productReference = D8B2782A1D78CBD100B8AC25 /* MessagesExtension.appex */;
			productType = "com.apple.product-type.app-extension.messages";
		};
/* End PBXNativeTarget section */

/* Begin PBXProject section */
		D8B2781A1D78CBD100B8AC25 /* Project object */ = {
			isa = PBXProject;
			attributes = {
				LastSwiftUpdateCheck = 0800;
				LastUpgradeCheck = 0800;
				ORGANIZATIONNAME = CRH;
				TargetAttributes = {
					D8B2781F1D78CBD100B8AC25 = {
						CreatedOnToolsVersion = 8.0;
						DevelopmentTeam = 4UNCRH2N42;
						LastSwiftMigration = 0800;
						ProvisioningStyle = Automatic;
					};
					D8B278291D78CBD100B8AC25 = {
						CreatedOnToolsVersion = 8.0;
						DevelopmentTeam = 4UNCRH2N42;
						ProvisioningStyle = Automatic;
						SystemCapabilities = {
							com.apple.Keychain = {
								enabled = 1;
							};
						};
					};
				};
			};
			buildConfigurationList = D8B2781D1D78CBD100B8AC25 /* Build configuration list for PBXProject "GhostPics" */;
			compatibilityVersion = "Xcode 3.2";
			developmentRegion = English;
			hasScannedForEncodings = 0;
			knownRegions = (
				en,
				Base,
			);
			mainGroup = D8B278191D78CBD100B8AC25;
			productRefGroup = D8B278211D78CBD100B8AC25 /* Products */;
			projectDirPath = "";
			projectRoot = "";
			targets = (
				D8B2781F1D78CBD100B8AC25 /* GhostPics */,
				D8B278291D78CBD100B8AC25 /* MessagesExtension */,
			);
		};
/* End PBXProject section */

/* Begin PBXResourcesBuildPhase section */
		D8B2781E1D78CBD100B8AC25 /* Resources */ = {
			isa = PBXResourcesBuildPhase;
			buildActionMask = 2147483647;
			files = (
				D8B278241D78CBD100B8AC25 /* Assets.xcassets in Resources */,
			);
			runOnlyForDeploymentPostprocessing = 0;
		};
		D8B278281D78CBD100B8AC25 /* Resources */ = {
			isa = PBXResourcesBuildPhase;
			buildActionMask = 2147483647;
			files = (
				D82477CF1D932639001EC865 /* blackcat.png in Resources */,
				D82477E41D932639001EC865 /* cateyes.png in Resources */,
				D82477D01D932639001EC865 /* blackcat256.png in Resources */,
				D82477F01D932639001EC865 /* snap48.png in Resources */,
				D82478041D93271A001EC865 /* Assets.xcassets in Resources */,
				D82477E91D932639001EC865 /* happydog.png in Resources */,
				D8B278481D78CC4D00B8AC25 /* MainInterface.storyboard in Resources */,
				D82477EF1D932639001EC865 /* snap32.png in Resources */,
				D82477E31D932639001EC865 /* cat256.png in Resources */,
				D82477E71D932639001EC865 /* dog256.png in Resources */,
				D82477EA1D932639001EC865 /* happydog256.png in Resources */,
				D82477EE1D932639001EC865 /* rotate.png in Resources */,
				D82477EC1D932639001EC865 /* husky256.png in Resources */,
				D82477E21D932639001EC865 /* cat.png in Resources */,
				D82477E11D932639001EC865 /* camera.png in Resources */,
				D82477EB1D932639001EC865 /* husky.png in Resources */,
				D82477E81D932639001EC865 /* GHPMessage.png in Resources */,
				D82477E51D932639001EC865 /* cateyes256.png in Resources */,
				D82477E61D932639001EC865 /* dog.png in Resources */,
				D82477ED1D932639001EC865 /* landscape-picture.png in Resources */,
			);
			runOnlyForDeploymentPostprocessing = 0;
		};
/* End PBXResourcesBuildPhase section */

/* Begin PBXSourcesBuildPhase section */
		D8B278261D78CBD100B8AC25 /* Sources */ = {
			isa = PBXSourcesBuildPhase;
			buildActionMask = 2147483647;
			files = (
				D82477FA1D932639001EC865 /* MessagesViewController.swift in Sources */,
				D82477F81D932639001EC865 /* ImageEffects.swift in Sources */,
				D82477F11D932639001EC865 /* Just.swift in Sources */,
				D82477F31D932639001EC865 /* ServerManager.swift in Sources */,
				D82477FF1D932639001EC865 /* PreviewView.swift in Sources */,
				D82477FE1D932639001EC865 /* OptionsButton.swift in Sources */,
				D82477F51D932639001EC865 /* StoreManager.swift in Sources */,
				D82477F71D932639001EC865 /* AnimationFileClasses.swift in Sources */,
				D82478061D9327F0001EC865 /* ImageEditor.swift in Sources */,
				D82477F41D932639001EC865 /* Shared.swift in Sources */,
				D82477FC1D932639001EC865 /* FacesControl.swift in Sources */,
				D82477F21D932639001EC865 /* KeyChainAccess.swift in Sources */,
				D82477F61D932639001EC865 /* AboutController.swift in Sources */,
				D82477FB1D932639001EC865 /* CameraOverlay.swift in Sources */,
			);
			runOnlyForDeploymentPostprocessing = 0;
		};
/* End PBXSourcesBuildPhase section */

/* Begin PBXTargetDependency section */
		D8B2782D1D78CBD100B8AC25 /* PBXTargetDependency */ = {
			isa = PBXTargetDependency;
			target = D8B278291D78CBD100B8AC25 /* MessagesExtension */;
			targetProxy = D8B2782C1D78CBD100B8AC25 /* PBXContainerItemProxy */;
		};
/* End PBXTargetDependency section */

/* Begin XCBuildConfiguration section */
		D8AAD1211D89DD48004A2094 /* Local */ = {
			isa = XCBuildConfiguration;
			buildSettings = {
				ALWAYS_SEARCH_USER_PATHS = NO;
				CLANG_ANALYZER_NONNULL = YES;
				CLANG_CXX_LANGUAGE_STANDARD = "gnu++0x";
				CLANG_CXX_LIBRARY = "libc++";
				CLANG_ENABLE_MODULES = YES;
				CLANG_ENABLE_OBJC_ARC = YES;
				CLANG_WARN_BOOL_CONVERSION = YES;
				CLANG_WARN_CONSTANT_CONVERSION = YES;
				CLANG_WARN_DIRECT_OBJC_ISA_USAGE = YES_ERROR;
				CLANG_WARN_DOCUMENTATION_COMMENTS = YES;
				CLANG_WARN_EMPTY_BODY = YES;
				CLANG_WARN_ENUM_CONVERSION = YES;
				CLANG_WARN_INFINITE_RECURSION = YES;
				CLANG_WARN_INT_CONVERSION = YES;
				CLANG_WARN_OBJC_ROOT_CLASS = YES_ERROR;
				CLANG_WARN_SUSPICIOUS_MOVES = YES;
				CLANG_WARN_UNREACHABLE_CODE = YES;
				CLANG_WARN__DUPLICATE_METHOD_MATCH = YES;
				"CODE_SIGN_IDENTITY[sdk=iphoneos*]" = "iPhone Developer";
				COPY_PHASE_STRIP = NO;
				DEBUG_INFORMATION_FORMAT = dwarf;
				ENABLE_STRICT_OBJC_MSGSEND = YES;
				ENABLE_TESTABILITY = YES;
				GCC_C_LANGUAGE_STANDARD = gnu99;
				GCC_DYNAMIC_NO_PIC = NO;
				GCC_NO_COMMON_BLOCKS = YES;
				GCC_OPTIMIZATION_LEVEL = 0;
				GCC_PREPROCESSOR_DEFINITIONS = (
					"DEBUG=1",
					"$(inherited)",
				);
				GCC_WARN_64_TO_32_BIT_CONVERSION = YES;
				GCC_WARN_ABOUT_RETURN_TYPE = YES_ERROR;
				GCC_WARN_UNDECLARED_SELECTOR = YES;
				GCC_WARN_UNINITIALIZED_AUTOS = YES_AGGRESSIVE;
				GCC_WARN_UNUSED_FUNCTION = YES;
				GCC_WARN_UNUSED_VARIABLE = YES;
				IPHONEOS_DEPLOYMENT_TARGET = 10.0;
				MTL_ENABLE_DEBUG_INFO = YES;
				ONLY_ACTIVE_ARCH = YES;
				SDKROOT = iphoneos;
				SWIFT_ACTIVE_COMPILATION_CONDITIONS = DEBUG;
				SWIFT_OPTIMIZATION_LEVEL = "-Onone";
			};
			name = Local;
		};
		D8AAD1221D89DD48004A2094 /* Local */ = {
			isa = XCBuildConfiguration;
			buildSettings = {
				ALWAYS_EMBED_SWIFT_STANDARD_LIBRARIES = YES;
				ASSETCATALOG_COMPILER_APPICON_NAME = AppIcon;
				CLANG_ENABLE_MODULES = YES;
				DEVELOPMENT_TEAM = 4UNCRH2N42;
				INFOPLIST_FILE = GhostPics/Info.plist;
				LD_RUNPATH_SEARCH_PATHS = "$(inherited) @executable_path/Frameworks @loader_path/Frameworks";
				PRODUCT_BUNDLE_IDENTIFIER = com.nvariance.GhostPics;
				PRODUCT_NAME = "$(TARGET_NAME)";
				SWIFT_OPTIMIZATION_LEVEL = "-Onone";
				SWIFT_VERSION = 3.0;
				TARGETED_DEVICE_FAMILY = "1,2";
			};
			name = Local;
		};
		D8AAD1231D89DD48004A2094 /* Local */ = {
			isa = XCBuildConfiguration;
			buildSettings = {
				ASSETCATALOG_COMPILER_APPICON_NAME = "iMessage App Icon";
				CODE_SIGN_ENTITLEMENTS = MessagesExtension/MessagesExtension.entitlements;
				DEVELOPMENT_TEAM = 4UNCRH2N42;
				INFOPLIST_FILE = MessagesExtension/Info.plist;
				LD_RUNPATH_SEARCH_PATHS = "$(inherited) @executable_path/Frameworks @executable_path/../../Frameworks";
				PRODUCT_BUNDLE_IDENTIFIER = com.nvariance.GhostPics.MessagesExtension;
				PRODUCT_NAME = "$(TARGET_NAME)";
				SKIP_INSTALL = YES;
				SWIFT_ACTIVE_COMPILATION_CONDITIONS = "-D LOCAL DEBUG";
				SWIFT_OBJC_BRIDGING_HEADER = "";
				SWIFT_VERSION = 3.0;
			};
			name = Local;
		};
		D8AAD1241D89DD50004A2094 /* Remote */ = {
			isa = XCBuildConfiguration;
			buildSettings = {
				ALWAYS_SEARCH_USER_PATHS = NO;
				CLANG_ANALYZER_NONNULL = YES;
				CLANG_CXX_LANGUAGE_STANDARD = "gnu++0x";
				CLANG_CXX_LIBRARY = "libc++";
				CLANG_ENABLE_MODULES = YES;
				CLANG_ENABLE_OBJC_ARC = YES;
				CLANG_WARN_BOOL_CONVERSION = YES;
				CLANG_WARN_CONSTANT_CONVERSION = YES;
				CLANG_WARN_DIRECT_OBJC_ISA_USAGE = YES_ERROR;
				CLANG_WARN_DOCUMENTATION_COMMENTS = YES;
				CLANG_WARN_EMPTY_BODY = YES;
				CLANG_WARN_ENUM_CONVERSION = YES;
				CLANG_WARN_INFINITE_RECURSION = YES;
				CLANG_WARN_INT_CONVERSION = YES;
				CLANG_WARN_OBJC_ROOT_CLASS = YES_ERROR;
				CLANG_WARN_SUSPICIOUS_MOVES = YES;
				CLANG_WARN_UNREACHABLE_CODE = YES;
				CLANG_WARN__DUPLICATE_METHOD_MATCH = YES;
				"CODE_SIGN_IDENTITY[sdk=iphoneos*]" = "iPhone Developer";
				COPY_PHASE_STRIP = NO;
				DEBUG_INFORMATION_FORMAT = dwarf;
				ENABLE_STRICT_OBJC_MSGSEND = YES;
				ENABLE_TESTABILITY = YES;
				GCC_C_LANGUAGE_STANDARD = gnu99;
				GCC_DYNAMIC_NO_PIC = NO;
				GCC_NO_COMMON_BLOCKS = YES;
				GCC_OPTIMIZATION_LEVEL = 0;
				GCC_PREPROCESSOR_DEFINITIONS = (
					"DEBUG=1",
					"$(inherited)",
				);
				GCC_WARN_64_TO_32_BIT_CONVERSION = YES;
				GCC_WARN_ABOUT_RETURN_TYPE = YES_ERROR;
				GCC_WARN_UNDECLARED_SELECTOR = YES;
				GCC_WARN_UNINITIALIZED_AUTOS = YES_AGGRESSIVE;
				GCC_WARN_UNUSED_FUNCTION = YES;
				GCC_WARN_UNUSED_VARIABLE = YES;
				IPHONEOS_DEPLOYMENT_TARGET = 10.0;
				MTL_ENABLE_DEBUG_INFO = YES;
				ONLY_ACTIVE_ARCH = YES;
				SDKROOT = iphoneos;
				SWIFT_ACTIVE_COMPILATION_CONDITIONS = DEBUG;
				SWIFT_OPTIMIZATION_LEVEL = "-Onone";
			};
			name = Remote;
		};
		D8AAD1251D89DD50004A2094 /* Remote */ = {
			isa = XCBuildConfiguration;
			buildSettings = {
				ALWAYS_EMBED_SWIFT_STANDARD_LIBRARIES = YES;
				ASSETCATALOG_COMPILER_APPICON_NAME = AppIcon;
				CLANG_ENABLE_MODULES = YES;
				DEVELOPMENT_TEAM = 4UNCRH2N42;
				INFOPLIST_FILE = GhostPics/Info.plist;
				LD_RUNPATH_SEARCH_PATHS = "$(inherited) @executable_path/Frameworks @loader_path/Frameworks";
				PRODUCT_BUNDLE_IDENTIFIER = com.nvariance.GhostPics;
				PRODUCT_NAME = "$(TARGET_NAME)";
				SWIFT_OPTIMIZATION_LEVEL = "-Onone";
				SWIFT_VERSION = 3.0;
				TARGETED_DEVICE_FAMILY = "1,2";
			};
			name = Remote;
		};
		D8AAD1261D89DD50004A2094 /* Remote */ = {
			isa = XCBuildConfiguration;
			buildSettings = {
				ASSETCATALOG_COMPILER_APPICON_NAME = "iMessage App Icon";
				CODE_SIGN_ENTITLEMENTS = MessagesExtension/MessagesExtension.entitlements;
				DEVELOPMENT_TEAM = 4UNCRH2N42;
				INFOPLIST_FILE = MessagesExtension/Info.plist;
				LD_RUNPATH_SEARCH_PATHS = "$(inherited) @executable_path/Frameworks @executable_path/../../Frameworks";
				PRODUCT_BUNDLE_IDENTIFIER = com.nvariance.GhostPics.MessagesExtension;
				PRODUCT_NAME = "$(TARGET_NAME)";
				SKIP_INSTALL = YES;
				SWIFT_ACTIVE_COMPILATION_CONDITIONS = DEBUG;
				SWIFT_OBJC_BRIDGING_HEADER = "";
				SWIFT_VERSION = 3.0;
			};
			name = Remote;
		};
		D8B2783A1D78CBD100B8AC25 /* Debug */ = {
			isa = XCBuildConfiguration;
			buildSettings = {
				ALWAYS_SEARCH_USER_PATHS = NO;
				CLANG_ANALYZER_NONNULL = YES;
				CLANG_CXX_LANGUAGE_STANDARD = "gnu++0x";
				CLANG_CXX_LIBRARY = "libc++";
				CLANG_ENABLE_MODULES = YES;
				CLANG_ENABLE_OBJC_ARC = YES;
				CLANG_WARN_BOOL_CONVERSION = YES;
				CLANG_WARN_CONSTANT_CONVERSION = YES;
				CLANG_WARN_DIRECT_OBJC_ISA_USAGE = YES_ERROR;
				CLANG_WARN_DOCUMENTATION_COMMENTS = YES;
				CLANG_WARN_EMPTY_BODY = YES;
				CLANG_WARN_ENUM_CONVERSION = YES;
				CLANG_WARN_INFINITE_RECURSION = YES;
				CLANG_WARN_INT_CONVERSION = YES;
				CLANG_WARN_OBJC_ROOT_CLASS = YES_ERROR;
				CLANG_WARN_SUSPICIOUS_MOVES = YES;
				CLANG_WARN_UNREACHABLE_CODE = YES;
				CLANG_WARN__DUPLICATE_METHOD_MATCH = YES;
				"CODE_SIGN_IDENTITY[sdk=iphoneos*]" = "iPhone Developer";
				COPY_PHASE_STRIP = NO;
				DEBUG_INFORMATION_FORMAT = dwarf;
				ENABLE_STRICT_OBJC_MSGSEND = YES;
				ENABLE_TESTABILITY = YES;
				GCC_C_LANGUAGE_STANDARD = gnu99;
				GCC_DYNAMIC_NO_PIC = NO;
				GCC_NO_COMMON_BLOCKS = YES;
				GCC_OPTIMIZATION_LEVEL = 0;
				GCC_PREPROCESSOR_DEFINITIONS = (
					"DEBUG=1",
					"$(inherited)",
				);
				GCC_WARN_64_TO_32_BIT_CONVERSION = YES;
				GCC_WARN_ABOUT_RETURN_TYPE = YES_ERROR;
				GCC_WARN_UNDECLARED_SELECTOR = YES;
				GCC_WARN_UNINITIALIZED_AUTOS = YES_AGGRESSIVE;
				GCC_WARN_UNUSED_FUNCTION = YES;
				GCC_WARN_UNUSED_VARIABLE = YES;
				IPHONEOS_DEPLOYMENT_TARGET = 10.0;
				MTL_ENABLE_DEBUG_INFO = YES;
				ONLY_ACTIVE_ARCH = YES;
				SDKROOT = iphoneos;
				SWIFT_ACTIVE_COMPILATION_CONDITIONS = DEBUG;
				SWIFT_OPTIMIZATION_LEVEL = "-Onone";
			};
			name = Debug;
		};
		D8B2783B1D78CBD100B8AC25 /* Release */ = {
			isa = XCBuildConfiguration;
			buildSettings = {
				ALWAYS_SEARCH_USER_PATHS = NO;
				CLANG_ANALYZER_NONNULL = YES;
				CLANG_CXX_LANGUAGE_STANDARD = "gnu++0x";
				CLANG_CXX_LIBRARY = "libc++";
				CLANG_ENABLE_MODULES = YES;
				CLANG_ENABLE_OBJC_ARC = YES;
				CLANG_WARN_BOOL_CONVERSION = YES;
				CLANG_WARN_CONSTANT_CONVERSION = YES;
				CLANG_WARN_DIRECT_OBJC_ISA_USAGE = YES_ERROR;
				CLANG_WARN_DOCUMENTATION_COMMENTS = YES;
				CLANG_WARN_EMPTY_BODY = YES;
				CLANG_WARN_ENUM_CONVERSION = YES;
				CLANG_WARN_INFINITE_RECURSION = YES;
				CLANG_WARN_INT_CONVERSION = YES;
				CLANG_WARN_OBJC_ROOT_CLASS = YES_ERROR;
				CLANG_WARN_SUSPICIOUS_MOVES = YES;
				CLANG_WARN_UNREACHABLE_CODE = YES;
				CLANG_WARN__DUPLICATE_METHOD_MATCH = YES;
				"CODE_SIGN_IDENTITY[sdk=iphoneos*]" = "iPhone Developer";
				COPY_PHASE_STRIP = NO;
				DEBUG_INFORMATION_FORMAT = "dwarf-with-dsym";
				ENABLE_NS_ASSERTIONS = NO;
				ENABLE_STRICT_OBJC_MSGSEND = YES;
				GCC_C_LANGUAGE_STANDARD = gnu99;
				GCC_NO_COMMON_BLOCKS = YES;
				GCC_WARN_64_TO_32_BIT_CONVERSION = YES;
				GCC_WARN_ABOUT_RETURN_TYPE = YES_ERROR;
				GCC_WARN_UNDECLARED_SELECTOR = YES;
				GCC_WARN_UNINITIALIZED_AUTOS = YES_AGGRESSIVE;
				GCC_WARN_UNUSED_FUNCTION = YES;
				GCC_WARN_UNUSED_VARIABLE = YES;
				IPHONEOS_DEPLOYMENT_TARGET = 10.0;
				MTL_ENABLE_DEBUG_INFO = NO;
				SDKROOT = iphoneos;
				SWIFT_OPTIMIZATION_LEVEL = "-Owholemodule";
				VALIDATE_PRODUCT = YES;
			};
			name = Release;
		};
		D8B2783D1D78CBD100B8AC25 /* Debug */ = {
			isa = XCBuildConfiguration;
			buildSettings = {
				ASSETCATALOG_COMPILER_APPICON_NAME = "iMessage App Icon";
				CODE_SIGN_ENTITLEMENTS = MessagesExtension/MessagesExtension.entitlements;
				DEVELOPMENT_TEAM = 4UNCRH2N42;
				INFOPLIST_FILE = MessagesExtension/Info.plist;
				LD_RUNPATH_SEARCH_PATHS = "$(inherited) @executable_path/Frameworks @executable_path/../../Frameworks";
				PRODUCT_BUNDLE_IDENTIFIER = com.nvariance.GhostPics.MessagesExtension;
				PRODUCT_NAME = "$(TARGET_NAME)";
				SKIP_INSTALL = YES;
				SWIFT_ACTIVE_COMPILATION_CONDITIONS = DEBUG;
				SWIFT_OBJC_BRIDGING_HEADER = "";
				SWIFT_VERSION = 3.0;
			};
			name = Debug;
		};
		D8B2783E1D78CBD100B8AC25 /* Release */ = {
			isa = XCBuildConfiguration;
			buildSettings = {
				ASSETCATALOG_COMPILER_APPICON_NAME = "iMessage App Icon";
				CODE_SIGN_ENTITLEMENTS = MessagesExtension/MessagesExtension.entitlements;
				DEVELOPMENT_TEAM = 4UNCRH2N42;
				INFOPLIST_FILE = MessagesExtension/Info.plist;
				LD_RUNPATH_SEARCH_PATHS = "$(inherited) @executable_path/Frameworks @executable_path/../../Frameworks";
				PRODUCT_BUNDLE_IDENTIFIER = com.nvariance.GhostPics.MessagesExtension;
				PRODUCT_NAME = "$(TARGET_NAME)";
				SKIP_INSTALL = YES;
				SWIFT_OBJC_BRIDGING_HEADER = "";
				SWIFT_VERSION = 3.0;
			};
			name = Release;
		};
		D8B278411D78CBD100B8AC25 /* Debug */ = {
			isa = XCBuildConfiguration;
			buildSettings = {
				ALWAYS_EMBED_SWIFT_STANDARD_LIBRARIES = YES;
				ASSETCATALOG_COMPILER_APPICON_NAME = AppIcon;
				CLANG_ENABLE_MODULES = YES;
				DEVELOPMENT_TEAM = 4UNCRH2N42;
				INFOPLIST_FILE = GhostPics/Info.plist;
				LD_RUNPATH_SEARCH_PATHS = "$(inherited) @executable_path/Frameworks @loader_path/Frameworks";
				PRODUCT_BUNDLE_IDENTIFIER = com.nvariance.GhostPics;
				PRODUCT_NAME = "$(TARGET_NAME)";
				SWIFT_OPTIMIZATION_LEVEL = "-Onone";
				SWIFT_VERSION = 3.0;
				TARGETED_DEVICE_FAMILY = "1,2";
			};
			name = Debug;
		};
		D8B278421D78CBD100B8AC25 /* Release */ = {
			isa = XCBuildConfiguration;
			buildSettings = {
				ALWAYS_EMBED_SWIFT_STANDARD_LIBRARIES = YES;
				ASSETCATALOG_COMPILER_APPICON_NAME = AppIcon;
				CLANG_ENABLE_MODULES = YES;
				DEVELOPMENT_TEAM = 4UNCRH2N42;
				INFOPLIST_FILE = GhostPics/Info.plist;
				LD_RUNPATH_SEARCH_PATHS = "$(inherited) @executable_path/Frameworks @loader_path/Frameworks";
				PRODUCT_BUNDLE_IDENTIFIER = com.nvariance.GhostPics;
				PRODUCT_NAME = "$(TARGET_NAME)";
				SWIFT_VERSION = 3.0;
				TARGETED_DEVICE_FAMILY = "1,2";
			};
			name = Release;
		};
/* End XCBuildConfiguration section */

/* Begin XCConfigurationList section */
		D8B2781D1D78CBD100B8AC25 /* Build configuration list for PBXProject "GhostPics" */ = {
			isa = XCConfigurationList;
			buildConfigurations = (
				D8B2783A1D78CBD100B8AC25 /* Debug */,
				D8AAD1211D89DD48004A2094 /* Local */,
				D8AAD1241D89DD50004A2094 /* Remote */,
				D8B2783B1D78CBD100B8AC25 /* Release */,
			);
			defaultConfigurationIsVisible = 0;
			defaultConfigurationName = Release;
		};
		D8B2783C1D78CBD100B8AC25 /* Build configuration list for PBXNativeTarget "MessagesExtension" */ = {
			isa = XCConfigurationList;
			buildConfigurations = (
				D8B2783D1D78CBD100B8AC25 /* Debug */,
				D8AAD1231D89DD48004A2094 /* Local */,
				D8AAD1261D89DD50004A2094 /* Remote */,
				D8B2783E1D78CBD100B8AC25 /* Release */,
			);
			defaultConfigurationIsVisible = 0;
			defaultConfigurationName = Release;
		};
		D8B278401D78CBD100B8AC25 /* Build configuration list for PBXNativeTarget "GhostPics" */ = {
			isa = XCConfigurationList;
			buildConfigurations = (
				D8B278411D78CBD100B8AC25 /* Debug */,
				D8AAD1221D89DD48004A2094 /* Local */,
				D8AAD1251D89DD50004A2094 /* Remote */,
				D8B278421D78CBD100B8AC25 /* Release */,
			);
			defaultConfigurationIsVisible = 0;
			defaultConfigurationName = Release;
		};
/* End XCConfigurationList section */
	};
	rootObject = D8B2781A1D78CBD100B8AC25 /* Project object */;
}
