// !$*UTF8*$!
{
	archiveVersion = 1;
	classes = {
	};
	objectVersion = 46;
	objects = {

/* Begin PBXBuildFile section */
		D81695EA1D7F5392001C0B5F /* AnimationFileClasses.swift in Sources */ = {isa = PBXBuildFile; fileRef = D81695E91D7F5392001C0B5F /* AnimationFileClasses.swift */; };
		D81695EC1D7F971B001C0B5F /* Shared.swift in Sources */ = {isa = PBXBuildFile; fileRef = D81695EB1D7F971B001C0B5F /* Shared.swift */; };
		D86702721D8CBE7400EA0C68 /* CameraOverlay.swift in Sources */ = {isa = PBXBuildFile; fileRef = D86702711D8CBE7400EA0C68 /* CameraOverlay.swift */; };
		D86702741D8CC83A00EA0C68 /* camera.png in Resources */ = {isa = PBXBuildFile; fileRef = D86702731D8CC83A00EA0C68 /* camera.png */; };
		D86702781D8DC72700EA0C68 /* landscape-picture.png in Resources */ = {isa = PBXBuildFile; fileRef = D86702771D8DC72700EA0C68 /* landscape-picture.png */; };
		D867027A1D8DD0D800EA0C68 /* rotate.png in Resources */ = {isa = PBXBuildFile; fileRef = D86702791D8DD0D800EA0C68 /* rotate.png */; };
		D8688B4B1D8DEEB000E67596 /* snap32.png in Resources */ = {isa = PBXBuildFile; fileRef = D8688B491D8DEEB000E67596 /* snap32.png */; };
		D8688B4C1D8DEEB000E67596 /* snap48.png in Resources */ = {isa = PBXBuildFile; fileRef = D8688B4A1D8DEEB000E67596 /* snap48.png */; };
		D8688B4E1D8E224C00E67596 /* ImageEffects.swift in Sources */ = {isa = PBXBuildFile; fileRef = D8688B4D1D8E224C00E67596 /* ImageEffects.swift */; };
		D86F89C01D91F6E700653AE6 /* dog.png in Resources */ = {isa = PBXBuildFile; fileRef = D86F89BF1D91F6E700653AE6 /* dog.png */; };
		D86F89C21D91F84A00653AE6 /* cat-2.png in Resources */ = {isa = PBXBuildFile; fileRef = D86F89C11D91F84A00653AE6 /* cat-2.png */; };
		D86F89C71D91F87B00653AE6 /* black-cat.png in Resources */ = {isa = PBXBuildFile; fileRef = D86F89C31D91F87B00653AE6 /* black-cat.png */; };
		D86F89C81D91F87B00653AE6 /* cat.png in Resources */ = {isa = PBXBuildFile; fileRef = D86F89C41D91F87B00653AE6 /* cat.png */; };
		D86F89C91D91F87B00653AE6 /* siberian-husky.png in Resources */ = {isa = PBXBuildFile; fileRef = D86F89C51D91F87B00653AE6 /* siberian-husky.png */; };
		D86F89CA1D91F87B00653AE6 /* happydog.png in Resources */ = {isa = PBXBuildFile; fileRef = D86F89C61D91F87B00653AE6 /* happydog.png */; };
		D874535C1D8858690010A80E /* StoreManager.swift in Sources */ = {isa = PBXBuildFile; fileRef = D874535B1D8858690010A80E /* StoreManager.swift */; };
		D8792D6A1D847022001676A7 /* OptionsButton.swift in Sources */ = {isa = PBXBuildFile; fileRef = D8792D691D847022001676A7 /* OptionsButton.swift */; };
		D8855BC91D79E8C5009C33B2 /* PreviewView.swift in Sources */ = {isa = PBXBuildFile; fileRef = D8855BC81D79E8C5009C33B2 /* PreviewView.swift */; };
		D88867E61D889AEC00401B4C /* GHP 40@3x.png in Resources */ = {isa = PBXBuildFile; fileRef = D88867E31D889AEC00401B4C /* GHP 40@3x.png */; };
		D88867E71D889AEC00401B4C /* GHP 40@2x.png in Resources */ = {isa = PBXBuildFile; fileRef = D88867E41D889AEC00401B4C /* GHP 40@2x.png */; };
		D88867E81D889AEC00401B4C /* GHP 40.png in Resources */ = {isa = PBXBuildFile; fileRef = D88867E51D889AEC00401B4C /* GHP 40.png */; };
		D8AAD11B1D88E183004A2094 /* GHP-60x45@2x-skyan.png in Resources */ = {isa = PBXBuildFile; fileRef = D8AAD11A1D88E183004A2094 /* GHP-60x45@2x-skyan.png */; };
		D8AAD11D1D88E1BF004A2094 /* GHP-60x45@3x-skyan.png in Resources */ = {isa = PBXBuildFile; fileRef = D8AAD11C1D88E1BF004A2094 /* GHP-60x45@3x-skyan.png */; };
		D8AAD11F1D89B4E5004A2094 /* KeyChainAccess.swift in Sources */ = {isa = PBXBuildFile; fileRef = D8AAD11E1D89B4E5004A2094 /* KeyChainAccess.swift */; };
		D8B278241D78CBD100B8AC25 /* Assets.xcassets in Resources */ = {isa = PBXBuildFile; fileRef = D8B278231D78CBD100B8AC25 /* Assets.xcassets */; };
		D8B2782B1D78CBD100B8AC25 /* MessagesExtension.appex in Embed App Extensions */ = {isa = PBXBuildFile; fileRef = D8B2782A1D78CBD100B8AC25 /* MessagesExtension.appex */; settings = {ATTRIBUTES = (RemoveHeadersOnCopy, ); }; };
		D8B278301D78CBD100B8AC25 /* Messages.framework in Frameworks */ = {isa = PBXBuildFile; fileRef = D8B2782F1D78CBD100B8AC25 /* Messages.framework */; };
		D8B278331D78CBD100B8AC25 /* MessagesViewController.swift in Sources */ = {isa = PBXBuildFile; fileRef = D8B278321D78CBD100B8AC25 /* MessagesViewController.swift */; };
		D8B278381D78CBD100B8AC25 /* Assets.xcassets in Resources */ = {isa = PBXBuildFile; fileRef = D8B278371D78CBD100B8AC25 /* Assets.xcassets */; };
		D8B278451D78CC3E00B8AC25 /* ServerManager.swift in Sources */ = {isa = PBXBuildFile; fileRef = D8B278431D78CC3E00B8AC25 /* ServerManager.swift */; };
		D8B278461D78CC3E00B8AC25 /* Just.swift in Sources */ = {isa = PBXBuildFile; fileRef = D8B278441D78CC3E00B8AC25 /* Just.swift */; };
		D8B278481D78CC4D00B8AC25 /* MainInterface.storyboard in Resources */ = {isa = PBXBuildFile; fileRef = D8B278471D78CC4D00B8AC25 /* MainInterface.storyboard */; };
		D8C8626F1D88671100DCDD2B /* AboutController.swift in Sources */ = {isa = PBXBuildFile; fileRef = D8C8626E1D88671100DCDD2B /* AboutController.swift */; };
/* End PBXBuildFile section */

/* Begin PBXContainerItemProxy section */
		D8B2782C1D78CBD100B8AC25 /* PBXContainerItemProxy */ = {
			isa = PBXContainerItemProxy;
			containerPortal = D8B2781A1D78CBD100B8AC25 /* Project object */;
			proxyType = 1;
			remoteGlobalIDString = D8B278291D78CBD100B8AC25;
			remoteInfo = MessagesExtension;
		};
/* End PBXContainerItemProxy section */

/* Begin PBXCopyFilesBuildPhase section */
		D8B2783F1D78CBD100B8AC25 /* Embed App Extensions */ = {
			isa = PBXCopyFilesBuildPhase;
			buildActionMask = 2147483647;
			dstPath = "";
			dstSubfolderSpec = 13;
			files = (
				D8B2782B1D78CBD100B8AC25 /* MessagesExtension.appex in Embed App Extensions */,
			);
			name = "Embed App Extensions";
			runOnlyForDeploymentPostprocessing = 0;
		};
/* End PBXCopyFilesBuildPhase section */

/* Begin PBXFileReference section */
		D81695E91D7F5392001C0B5F /* AnimationFileClasses.swift */ = {isa = PBXFileReference; fileEncoding = 4; lastKnownFileType = sourcecode.swift; path = AnimationFileClasses.swift; sourceTree = "<group>"; };
		D81695EB1D7F971B001C0B5F /* Shared.swift */ = {isa = PBXFileReference; fileEncoding = 4; lastKnownFileType = sourcecode.swift; path = Shared.swift; sourceTree = "<group>"; };
		D86702711D8CBE7400EA0C68 /* CameraOverlay.swift */ = {isa = PBXFileReference; fileEncoding = 4; lastKnownFileType = sourcecode.swift; path = CameraOverlay.swift; sourceTree = "<group>"; };
		D86702731D8CC83A00EA0C68 /* camera.png */ = {isa = PBXFileReference; lastKnownFileType = image.png; name = camera.png; path = Resources/camera.png; sourceTree = "<group>"; };
		D86702771D8DC72700EA0C68 /* landscape-picture.png */ = {isa = PBXFileReference; lastKnownFileType = image.png; name = "landscape-picture.png"; path = "Resources/landscape-picture.png"; sourceTree = "<group>"; };
		D86702791D8DD0D800EA0C68 /* rotate.png */ = {isa = PBXFileReference; lastKnownFileType = image.png; name = rotate.png; path = Resources/rotate.png; sourceTree = "<group>"; };
		D8688B491D8DEEB000E67596 /* snap32.png */ = {isa = PBXFileReference; lastKnownFileType = image.png; name = snap32.png; path = Resources/snap32.png; sourceTree = "<group>"; };
		D8688B4A1D8DEEB000E67596 /* snap48.png */ = {isa = PBXFileReference; lastKnownFileType = image.png; name = snap48.png; path = Resources/snap48.png; sourceTree = "<group>"; };
		D8688B4D1D8E224C00E67596 /* ImageEffects.swift */ = {isa = PBXFileReference; fileEncoding = 4; lastKnownFileType = sourcecode.swift; path = ImageEffects.swift; sourceTree = "<group>"; };
		D86F89BF1D91F6E700653AE6 /* dog.png */ = {isa = PBXFileReference; lastKnownFileType = image.png; path = dog.png; sourceTree = "<group>"; };
		D86F89C11D91F84A00653AE6 /* cat-2.png */ = {isa = PBXFileReference; lastKnownFileType = image.png; path = "cat-2.png"; sourceTree = "<group>"; };
		D86F89C31D91F87B00653AE6 /* black-cat.png */ = {isa = PBXFileReference; lastKnownFileType = image.png; path = "black-cat.png"; sourceTree = "<group>"; };
		D86F89C41D91F87B00653AE6 /* cat.png */ = {isa = PBXFileReference; lastKnownFileType = image.png; path = cat.png; sourceTree = "<group>"; };
		D86F89C51D91F87B00653AE6 /* siberian-husky.png */ = {isa = PBXFileReference; lastKnownFileType = image.png; path = "siberian-husky.png"; sourceTree = "<group>"; };
		D86F89C61D91F87B00653AE6 /* happydog.png */ = {isa = PBXFileReference; lastKnownFileType = image.png; path = happydog.png; sourceTree = "<group>"; };
		D874535B1D8858690010A80E /* StoreManager.swift */ = {isa = PBXFileReference; fileEncoding = 4; lastKnownFileType = sourcecode.swift; path = StoreManager.swift; sourceTree = "<group>"; };
		D8792D691D847022001676A7 /* OptionsButton.swift */ = {isa = PBXFileReference; fileEncoding = 4; lastKnownFileType = sourcecode.swift; path = OptionsButton.swift; sourceTree = "<group>"; };
		D8855BC81D79E8C5009C33B2 /* PreviewView.swift */ = {isa = PBXFileReference; fileEncoding = 4; lastKnownFileType = sourcecode.swift; path = PreviewView.swift; sourceTree = "<group>"; };
		D88867E31D889AEC00401B4C /* GHP 40@3x.png */ = {isa = PBXFileReference; lastKnownFileType = image.png; name = "GHP 40@3x.png"; path = "Resources/blue/GHP 40@3x.png"; sourceTree = "<group>"; };
		D88867E41D889AEC00401B4C /* GHP 40@2x.png */ = {isa = PBXFileReference; lastKnownFileType = image.png; name = "GHP 40@2x.png"; path = "Resources/blue/GHP 40@2x.png"; sourceTree = "<group>"; };
		D88867E51D889AEC00401B4C /* GHP 40.png */ = {isa = PBXFileReference; lastKnownFileType = image.png; name = "GHP 40.png"; path = "Resources/blue/GHP 40.png"; sourceTree = "<group>"; };
		D8AAD11A1D88E183004A2094 /* GHP-60x45@2x-skyan.png */ = {isa = PBXFileReference; lastKnownFileType = image.png; name = "GHP-60x45@2x-skyan.png"; path = "Resources/blue/GHP-60x45@2x-skyan.png"; sourceTree = "<group>"; };
		D8AAD11C1D88E1BF004A2094 /* GHP-60x45@3x-skyan.png */ = {isa = PBXFileReference; lastKnownFileType = image.png; name = "GHP-60x45@3x-skyan.png"; path = "Resources/blue/GHP-60x45@3x-skyan.png"; sourceTree = "<group>"; };
		D8AAD11E1D89B4E5004A2094 /* KeyChainAccess.swift */ = {isa = PBXFileReference; fileEncoding = 4; lastKnownFileType = sourcecode.swift; path = KeyChainAccess.swift; sourceTree = "<group>"; };
		D8AAD1201D89BB03004A2094 /* MessagesExtension.entitlements */ = {isa = PBXFileReference; lastKnownFileType = text.plist.entitlements; path = MessagesExtension.entitlements; sourceTree = "<group>"; };
		D8B278201D78CBD100B8AC25 /* GhostPics.app */ = {isa = PBXFileReference; explicitFileType = wrapper.application; includeInIndex = 0; path = GhostPics.app; sourceTree = BUILT_PRODUCTS_DIR; };
		D8B278231D78CBD100B8AC25 /* Assets.xcassets */ = {isa = PBXFileReference; lastKnownFileType = folder.assetcatalog; path = Assets.xcassets; sourceTree = "<group>"; };
		D8B278251D78CBD100B8AC25 /* Info.plist */ = {isa = PBXFileReference; lastKnownFileType = text.plist.xml; path = Info.plist; sourceTree = "<group>"; };
		D8B2782A1D78CBD100B8AC25 /* MessagesExtension.appex */ = {isa = PBXFileReference; explicitFileType = "wrapper.app-extension"; includeInIndex = 0; path = MessagesExtension.appex; sourceTree = BUILT_PRODUCTS_DIR; };
		D8B2782F1D78CBD100B8AC25 /* Messages.framework */ = {isa = PBXFileReference; lastKnownFileType = wrapper.framework; name = Messages.framework; path = System/Library/Frameworks/Messages.framework; sourceTree = SDKROOT; };
		D8B278321D78CBD100B8AC25 /* MessagesViewController.swift */ = {isa = PBXFileReference; lastKnownFileType = sourcecode.swift; path = MessagesViewController.swift; sourceTree = "<group>"; };
		D8B278371D78CBD100B8AC25 /* Assets.xcassets */ = {isa = PBXFileReference; lastKnownFileType = folder.assetcatalog; path = Assets.xcassets; sourceTree = "<group>"; };
		D8B278391D78CBD100B8AC25 /* Info.plist */ = {isa = PBXFileReference; lastKnownFileType = text.plist.xml; path = Info.plist; sourceTree = "<group>"; };
		D8B278431D78CC3E00B8AC25 /* ServerManager.swift */ = {isa = PBXFileReference; fileEncoding = 4; lastKnownFileType = sourcecode.swift; path = ServerManager.swift; sourceTree = "<group>"; };
		D8B278441D78CC3E00B8AC25 /* Just.swift */ = {isa = PBXFileReference; fileEncoding = 4; lastKnownFileType = sourcecode.swift; path = Just.swift; sourceTree = "<group>"; };
		D8B278471D78CC4D00B8AC25 /* MainInterface.storyboard */ = {isa = PBXFileReference; fileEncoding = 4; lastKnownFileType = file.storyboard; path = MainInterface.storyboard; sourceTree = SOURCE_ROOT; };
		D8C8626E1D88671100DCDD2B /* AboutController.swift */ = {isa = PBXFileReference; fileEncoding = 4; lastKnownFileType = sourcecode.swift; path = AboutController.swift; sourceTree = "<group>"; };
/* End PBXFileReference section */

/* Begin PBXFrameworksBuildPhase section */
		D8B278271D78CBD100B8AC25 /* Frameworks */ = {
			isa = PBXFrameworksBuildPhase;
			buildActionMask = 2147483647;
			files = (
				D8B278301D78CBD100B8AC25 /* Messages.framework in Frameworks */,
			);
			runOnlyForDeploymentPostprocessing = 0;
		};
/* End PBXFrameworksBuildPhase section */

/* Begin PBXGroup section */
		D85A15141D8217F5006FBAC0 /* UI */ = {
			isa = PBXGroup;
			children = (
				D860DB3E1D7A3EA7001DEA75 /* Resources */,
				D8B278471D78CC4D00B8AC25 /* MainInterface.storyboard */,
				D8B278321D78CBD100B8AC25 /* MessagesViewController.swift */,
				D86702711D8CBE7400EA0C68 /* CameraOverlay.swift */,
				D8855BC81D79E8C5009C33B2 /* PreviewView.swift */,
				D81695E91D7F5392001C0B5F /* AnimationFileClasses.swift */,
				D8792D691D847022001676A7 /* OptionsButton.swift */,
				D8C8626E1D88671100DCDD2B /* AboutController.swift */,
				D8688B4D1D8E224C00E67596 /* ImageEffects.swift */,
			);
			name = UI;
			sourceTree = "<group>";
		};
		D860DB3E1D7A3EA7001DEA75 /* Resources */ = {
			isa = PBXGroup;
			children = (
				D86F89C31D91F87B00653AE6 /* black-cat.png */,
				D86F89C41D91F87B00653AE6 /* cat.png */,
				D86F89C51D91F87B00653AE6 /* siberian-husky.png */,
				D86F89C61D91F87B00653AE6 /* happydog.png */,
				D86F89C11D91F84A00653AE6 /* cat-2.png */,
				D86F89BF1D91F6E700653AE6 /* dog.png */,
				D8688B491D8DEEB000E67596 /* snap32.png */,
				D8688B4A1D8DEEB000E67596 /* snap48.png */,
				D86702791D8DD0D800EA0C68 /* rotate.png */,
				D86702771D8DC72700EA0C68 /* landscape-picture.png */,
				D86702731D8CC83A00EA0C68 /* camera.png */,
				D8AAD11C1D88E1BF004A2094 /* GHP-60x45@3x-skyan.png */,
				D8AAD11A1D88E183004A2094 /* GHP-60x45@2x-skyan.png */,
				D88867E31D889AEC00401B4C /* GHP 40@3x.png */,
				D88867E41D889AEC00401B4C /* GHP 40@2x.png */,
				D88867E51D889AEC00401B4C /* GHP 40.png */,
				D8B278371D78CBD100B8AC25 /* Assets.xcassets */,
				D8B278391D78CBD100B8AC25 /* Info.plist */,
			);
			name = Resources;
			sourceTree = "<group>";
		};
		D8B278191D78CBD100B8AC25 = {
			isa = PBXGroup;
			children = (
				D8B278221D78CBD100B8AC25 /* App */,
				D8B278311D78CBD100B8AC25 /* MessagesExtension */,
				D8B2782E1D78CBD100B8AC25 /* Frameworks */,
				D8B278211D78CBD100B8AC25 /* Products */,
			);
			sourceTree = "<group>";
		};
		D8B278211D78CBD100B8AC25 /* Products */ = {
			isa = PBXGroup;
			children = (
				D8B278201D78CBD100B8AC25 /* GhostPics.app */,
				D8B2782A1D78CBD100B8AC25 /* MessagesExtension.appex */,
			);
			name = Products;
			sourceTree = "<group>";
		};
		D8B278221D78CBD100B8AC25 /* App */ = {
			isa = PBXGroup;
			children = (
				D8B278231D78CBD100B8AC25 /* Assets.xcassets */,
				D8B278251D78CBD100B8AC25 /* Info.plist */,
			);
			name = App;
			path = GhostPics;
			sourceTree = "<group>";
		};
		D8B2782E1D78CBD100B8AC25 /* Frameworks */ = {
			isa = PBXGroup;
			children = (
				D8B2782F1D78CBD100B8AC25 /* Messages.framework */,
			);
			name = Frameworks;
			sourceTree = "<group>";
		};
		D8B278311D78CBD100B8AC25 /* MessagesExtension */ = {
			isa = PBXGroup;
			children = (
				D8AAD1201D89BB03004A2094 /* MessagesExtension.entitlements */,
				D85A15141D8217F5006FBAC0 /* UI */,
				D81695EB1D7F971B001C0B5F /* Shared.swift */,
				D8B278431D78CC3E00B8AC25 /* ServerManager.swift */,
				D874535B1D8858690010A80E /* StoreManager.swift */,
				D8B278441D78CC3E00B8AC25 /* Just.swift */,
				D8AAD11E1D89B4E5004A2094 /* KeyChainAccess.swift */,
			);
			path = MessagesExtension;
			sourceTree = "<group>";
		};
/* End PBXGroup section */

/* Begin PBXNativeTarget section */
		D8B2781F1D78CBD100B8AC25 /* GhostPics */ = {
			isa = PBXNativeTarget;
			buildConfigurationList = D8B278401D78CBD100B8AC25 /* Build configuration list for PBXNativeTarget "GhostPics" */;
			buildPhases = (
				D8B2781E1D78CBD100B8AC25 /* Resources */,
				D8B2783F1D78CBD100B8AC25 /* Embed App Extensions */,
			);
			buildRules = (
			);
			dependencies = (
				D8B2782D1D78CBD100B8AC25 /* PBXTargetDependency */,
			);
			name = GhostPics;
			productName = GhostPics;
			productReference = D8B278201D78CBD100B8AC25 /* GhostPics.app */;
			productType = "com.apple.product-type.application.messages";
		};
		D8B278291D78CBD100B8AC25 /* MessagesExtension */ = {
			isa = PBXNativeTarget;
			buildConfigurationList = D8B2783C1D78CBD100B8AC25 /* Build configuration list for PBXNativeTarget "MessagesExtension" */;
			buildPhases = (
				D8B278261D78CBD100B8AC25 /* Sources */,
				D8B278271D78CBD100B8AC25 /* Frameworks */,
				D8B278281D78CBD100B8AC25 /* Resources */,
			);
			buildRules = (
			);
			dependencies = (
			);
			name = MessagesExtension;
			productName = MessagesExtension;
			productReference = D8B2782A1D78CBD100B8AC25 /* MessagesExtension.appex */;
			productType = "com.apple.product-type.app-extension.messages";
		};
/* End PBXNativeTarget section */

/* Begin PBXProject section */
		D8B2781A1D78CBD100B8AC25 /* Project object */ = {
			isa = PBXProject;
			attributes = {
				LastSwiftUpdateCheck = 0800;
				LastUpgradeCheck = 0800;
				ORGANIZATIONNAME = CRH;
				TargetAttributes = {
					D8B2781F1D78CBD100B8AC25 = {
						CreatedOnToolsVersion = 8.0;
						DevelopmentTeam = 4UNCRH2N42;
						LastSwiftMigration = 0800;
						ProvisioningStyle = Automatic;
					};
					D8B278291D78CBD100B8AC25 = {
						CreatedOnToolsVersion = 8.0;
						DevelopmentTeam = 4UNCRH2N42;
						ProvisioningStyle = Automatic;
						SystemCapabilities = {
							com.apple.Keychain = {
								enabled = 1;
							};
						};
					};
				};
			};
			buildConfigurationList = D8B2781D1D78CBD100B8AC25 /* Build configuration list for PBXProject "GhostPics" */;
			compatibilityVersion = "Xcode 3.2";
			developmentRegion = English;
			hasScannedForEncodings = 0;
			knownRegions = (
				en,
				Base,
			);
			mainGroup = D8B278191D78CBD100B8AC25;
			productRefGroup = D8B278211D78CBD100B8AC25 /* Products */;
			projectDirPath = "";
			projectRoot = "";
			targets = (
				D8B2781F1D78CBD100B8AC25 /* GhostPics */,
				D8B278291D78CBD100B8AC25 /* MessagesExtension */,
			);
		};
/* End PBXProject section */

/* Begin PBXResourcesBuildPhase section */
		D8B2781E1D78CBD100B8AC25 /* Resources */ = {
			isa = PBXResourcesBuildPhase;
			buildActionMask = 2147483647;
			files = (
				D8B278241D78CBD100B8AC25 /* Assets.xcassets in Resources */,
			);
			runOnlyForDeploymentPostprocessing = 0;
		};
		D8B278281D78CBD100B8AC25 /* Resources */ = {
			isa = PBXResourcesBuildPhase;
			buildActionMask = 2147483647;
			files = (
				D867027A1D8DD0D800EA0C68 /* rotate.png in Resources */,
				D86702781D8DC72700EA0C68 /* landscape-picture.png in Resources */,
				D86F89C81D91F87B00653AE6 /* cat.png in Resources */,
				D8B278381D78CBD100B8AC25 /* Assets.xcassets in Resources */,
				D8688B4B1D8DEEB000E67596 /* snap32.png in Resources */,
				D88867E71D889AEC00401B4C /* GHP 40@2x.png in Resources */,
				D8AAD11D1D88E1BF004A2094 /* GHP-60x45@3x-skyan.png in Resources */,
				D88867E81D889AEC00401B4C /* GHP 40.png in Resources */,
				D86F89C21D91F84A00653AE6 /* cat-2.png in Resources */,
				D8B278481D78CC4D00B8AC25 /* MainInterface.storyboard in Resources */,
				D86F89C91D91F87B00653AE6 /* siberian-husky.png in Resources */,
				D86F89C71D91F87B00653AE6 /* black-cat.png in Resources */,
				D86F89C01D91F6E700653AE6 /* dog.png in Resources */,
				D8AAD11B1D88E183004A2094 /* GHP-60x45@2x-skyan.png in Resources */,
				D86702741D8CC83A00EA0C68 /* camera.png in Resources */,
				D8688B4C1D8DEEB000E67596 /* snap48.png in Resources */,
				D88867E61D889AEC00401B4C /* GHP 40@3x.png in Resources */,
				D86F89CA1D91F87B00653AE6 /* happydog.png in Resources */,
			);
			runOnlyForDeploymentPostprocessing = 0;
		};
/* End PBXResourcesBuildPhase section */

/* Begin PBXSourcesBuildPhase section */
		D8B278261D78CBD100B8AC25 /* Sources */ = {
			isa = PBXSourcesBuildPhase;
			buildActionMask = 2147483647;
			files = (
				D8688B4E1D8E224C00E67596 /* ImageEffects.swift in Sources */,
				D8B278461D78CC3E00B8AC25 /* Just.swift in Sources */,
				D8AAD11F1D89B4E5004A2094 /* KeyChainAccess.swift in Sources */,
				D8855BC91D79E8C5009C33B2 /* PreviewView.swift in Sources */,
				D81695EA1D7F5392001C0B5F /* AnimationFileClasses.swift in Sources */,
				D8B278451D78CC3E00B8AC25 /* ServerManager.swift in Sources */,
				D81695EC1D7F971B001C0B5F /* Shared.swift in Sources */,
				D874535C1D8858690010A80E /* StoreManager.swift in Sources */,
				D8792D6A1D847022001676A7 /* OptionsButton.swift in Sources */,
				D8C8626F1D88671100DCDD2B /* AboutController.swift in Sources */,
				D8B278331D78CBD100B8AC25 /* MessagesViewController.swift in Sources */,
				D86702721D8CBE7400EA0C68 /* CameraOverlay.swift in Sources */,
			);
			runOnlyForDeploymentPostprocessing = 0;
		};
/* End PBXSourcesBuildPhase section */

/* Begin PBXTargetDependency section */
		D8B2782D1D78CBD100B8AC25 /* PBXTargetDependency */ = {
			isa = PBXTargetDependency;
			target = D8B278291D78CBD100B8AC25 /* MessagesExtension */;
			targetProxy = D8B2782C1D78CBD100B8AC25 /* PBXContainerItemProxy */;
		};
/* End PBXTargetDependency section */

/* Begin XCBuildConfiguration section */
		D8AAD1211D89DD48004A2094 /* Local */ = {
			isa = XCBuildConfiguration;
			buildSettings = {
				ALWAYS_SEARCH_USER_PATHS = NO;
				CLANG_ANALYZER_NONNULL = YES;
				CLANG_CXX_LANGUAGE_STANDARD = "gnu++0x";
				CLANG_CXX_LIBRARY = "libc++";
				CLANG_ENABLE_MODULES = YES;
				CLANG_ENABLE_OBJC_ARC = YES;
				CLANG_WARN_BOOL_CONVERSION = YES;
				CLANG_WARN_CONSTANT_CONVERSION = YES;
				CLANG_WARN_DIRECT_OBJC_ISA_USAGE = YES_ERROR;
				CLANG_WARN_DOCUMENTATION_COMMENTS = YES;
				CLANG_WARN_EMPTY_BODY = YES;
				CLANG_WARN_ENUM_CONVERSION = YES;
				CLANG_WARN_INFINITE_RECURSION = YES;
				CLANG_WARN_INT_CONVERSION = YES;
				CLANG_WARN_OBJC_ROOT_CLASS = YES_ERROR;
				CLANG_WARN_SUSPICIOUS_MOVES = YES;
				CLANG_WARN_UNREACHABLE_CODE = YES;
				CLANG_WARN__DUPLICATE_METHOD_MATCH = YES;
				"CODE_SIGN_IDENTITY[sdk=iphoneos*]" = "iPhone Developer";
				COPY_PHASE_STRIP = NO;
				DEBUG_INFORMATION_FORMAT = dwarf;
				ENABLE_STRICT_OBJC_MSGSEND = YES;
				ENABLE_TESTABILITY = YES;
				GCC_C_LANGUAGE_STANDARD = gnu99;
				GCC_DYNAMIC_NO_PIC = NO;
				GCC_NO_COMMON_BLOCKS = YES;
				GCC_OPTIMIZATION_LEVEL = 0;
				GCC_PREPROCESSOR_DEFINITIONS = (
					"DEBUG=1",
					"$(inherited)",
				);
				GCC_WARN_64_TO_32_BIT_CONVERSION = YES;
				GCC_WARN_ABOUT_RETURN_TYPE = YES_ERROR;
				GCC_WARN_UNDECLARED_SELECTOR = YES;
				GCC_WARN_UNINITIALIZED_AUTOS = YES_AGGRESSIVE;
				GCC_WARN_UNUSED_FUNCTION = YES;
				GCC_WARN_UNUSED_VARIABLE = YES;
				IPHONEOS_DEPLOYMENT_TARGET = 10.0;
				MTL_ENABLE_DEBUG_INFO = YES;
				ONLY_ACTIVE_ARCH = YES;
				SDKROOT = iphoneos;
				SWIFT_ACTIVE_COMPILATION_CONDITIONS = DEBUG;
				SWIFT_OPTIMIZATION_LEVEL = "-Onone";
			};
			name = Local;
		};
		D8AAD1221D89DD48004A2094 /* Local */ = {
			isa = XCBuildConfiguration;
			buildSettings = {
				ALWAYS_EMBED_SWIFT_STANDARD_LIBRARIES = YES;
				ASSETCATALOG_COMPILER_APPICON_NAME = AppIcon;
				CLANG_ENABLE_MODULES = YES;
				DEVELOPMENT_TEAM = 4UNCRH2N42;
				INFOPLIST_FILE = GhostPics/Info.plist;
				LD_RUNPATH_SEARCH_PATHS = "$(inherited) @executable_path/Frameworks @loader_path/Frameworks";
				PRODUCT_BUNDLE_IDENTIFIER = com.nvariance.GhostPics;
				PRODUCT_NAME = "$(TARGET_NAME)";
				SWIFT_OPTIMIZATION_LEVEL = "-Onone";
				SWIFT_VERSION = 3.0;
				TARGETED_DEVICE_FAMILY = "1,2";
			};
			name = Local;
		};
		D8AAD1231D89DD48004A2094 /* Local */ = {
			isa = XCBuildConfiguration;
			buildSettings = {
				ASSETCATALOG_COMPILER_APPICON_NAME = "iMessage App Icon";
				CODE_SIGN_ENTITLEMENTS = MessagesExtension/MessagesExtension.entitlements;
				DEVELOPMENT_TEAM = 4UNCRH2N42;
				INFOPLIST_FILE = MessagesExtension/Info.plist;
				LD_RUNPATH_SEARCH_PATHS = "$(inherited) @executable_path/Frameworks @executable_path/../../Frameworks";
				PRODUCT_BUNDLE_IDENTIFIER = com.nvariance.GhostPics.MessagesExtension;
				PRODUCT_NAME = "$(TARGET_NAME)";
				SKIP_INSTALL = YES;
				SWIFT_ACTIVE_COMPILATION_CONDITIONS = "-D LOCAL DEBUG";
				SWIFT_OBJC_BRIDGING_HEADER = "";
				SWIFT_VERSION = 3.0;
			};
			name = Local;
		};
		D8AAD1241D89DD50004A2094 /* Remote */ = {
			isa = XCBuildConfiguration;
			buildSettings = {
				ALWAYS_SEARCH_USER_PATHS = NO;
				CLANG_ANALYZER_NONNULL = YES;
				CLANG_CXX_LANGUAGE_STANDARD = "gnu++0x";
				CLANG_CXX_LIBRARY = "libc++";
				CLANG_ENABLE_MODULES = YES;
				CLANG_ENABLE_OBJC_ARC = YES;
				CLANG_WARN_BOOL_CONVERSION = YES;
				CLANG_WARN_CONSTANT_CONVERSION = YES;
				CLANG_WARN_DIRECT_OBJC_ISA_USAGE = YES_ERROR;
				CLANG_WARN_DOCUMENTATION_COMMENTS = YES;
				CLANG_WARN_EMPTY_BODY = YES;
				CLANG_WARN_ENUM_CONVERSION = YES;
				CLANG_WARN_INFINITE_RECURSION = YES;
				CLANG_WARN_INT_CONVERSION = YES;
				CLANG_WARN_OBJC_ROOT_CLASS = YES_ERROR;
				CLANG_WARN_SUSPICIOUS_MOVES = YES;
				CLANG_WARN_UNREACHABLE_CODE = YES;
				CLANG_WARN__DUPLICATE_METHOD_MATCH = YES;
				"CODE_SIGN_IDENTITY[sdk=iphoneos*]" = "iPhone Developer";
				COPY_PHASE_STRIP = NO;
				DEBUG_INFORMATION_FORMAT = dwarf;
				ENABLE_STRICT_OBJC_MSGSEND = YES;
				ENABLE_TESTABILITY = YES;
				GCC_C_LANGUAGE_STANDARD = gnu99;
				GCC_DYNAMIC_NO_PIC = NO;
				GCC_NO_COMMON_BLOCKS = YES;
				GCC_OPTIMIZATION_LEVEL = 0;
				GCC_PREPROCESSOR_DEFINITIONS = (
					"DEBUG=1",
					"$(inherited)",
				);
				GCC_WARN_64_TO_32_BIT_CONVERSION = YES;
				GCC_WARN_ABOUT_RETURN_TYPE = YES_ERROR;
				GCC_WARN_UNDECLARED_SELECTOR = YES;
				GCC_WARN_UNINITIALIZED_AUTOS = YES_AGGRESSIVE;
				GCC_WARN_UNUSED_FUNCTION = YES;
				GCC_WARN_UNUSED_VARIABLE = YES;
				IPHONEOS_DEPLOYMENT_TARGET = 10.0;
				MTL_ENABLE_DEBUG_INFO = YES;
				ONLY_ACTIVE_ARCH = YES;
				SDKROOT = iphoneos;
				SWIFT_ACTIVE_COMPILATION_CONDITIONS = DEBUG;
				SWIFT_OPTIMIZATION_LEVEL = "-Onone";
			};
			name = Remote;
		};
		D8AAD1251D89DD50004A2094 /* Remote */ = {
			isa = XCBuildConfiguration;
			buildSettings = {
				ALWAYS_EMBED_SWIFT_STANDARD_LIBRARIES = YES;
				ASSETCATALOG_COMPILER_APPICON_NAME = AppIcon;
				CLANG_ENABLE_MODULES = YES;
				DEVELOPMENT_TEAM = 4UNCRH2N42;
				INFOPLIST_FILE = GhostPics/Info.plist;
				LD_RUNPATH_SEARCH_PATHS = "$(inherited) @executable_path/Frameworks @loader_path/Frameworks";
				PRODUCT_BUNDLE_IDENTIFIER = com.nvariance.GhostPics;
				PRODUCT_NAME = "$(TARGET_NAME)";
				SWIFT_OPTIMIZATION_LEVEL = "-Onone";
				SWIFT_VERSION = 3.0;
				TARGETED_DEVICE_FAMILY = "1,2";
			};
			name = Remote;
		};
		D8AAD1261D89DD50004A2094 /* Remote */ = {
			isa = XCBuildConfiguration;
			buildSettings = {
				ASSETCATALOG_COMPILER_APPICON_NAME = "iMessage App Icon";
				CODE_SIGN_ENTITLEMENTS = MessagesExtension/MessagesExtension.entitlements;
				DEVELOPMENT_TEAM = 4UNCRH2N42;
				INFOPLIST_FILE = MessagesExtension/Info.plist;
				LD_RUNPATH_SEARCH_PATHS = "$(inherited) @executable_path/Frameworks @executable_path/../../Frameworks";
				PRODUCT_BUNDLE_IDENTIFIER = com.nvariance.GhostPics.MessagesExtension;
				PRODUCT_NAME = "$(TARGET_NAME)";
				SKIP_INSTALL = YES;
				SWIFT_ACTIVE_COMPILATION_CONDITIONS = DEBUG;
				SWIFT_OBJC_BRIDGING_HEADER = "";
				SWIFT_VERSION = 3.0;
			};
			name = Remote;
		};
		D8B2783A1D78CBD100B8AC25 /* Debug */ = {
			isa = XCBuildConfiguration;
			buildSettings = {
				ALWAYS_SEARCH_USER_PATHS = NO;
				CLANG_ANALYZER_NONNULL = YES;
				CLANG_CXX_LANGUAGE_STANDARD = "gnu++0x";
				CLANG_CXX_LIBRARY = "libc++";
				CLANG_ENABLE_MODULES = YES;
				CLANG_ENABLE_OBJC_ARC = YES;
				CLANG_WARN_BOOL_CONVERSION = YES;
				CLANG_WARN_CONSTANT_CONVERSION = YES;
				CLANG_WARN_DIRECT_OBJC_ISA_USAGE = YES_ERROR;
				CLANG_WARN_DOCUMENTATION_COMMENTS = YES;
				CLANG_WARN_EMPTY_BODY = YES;
				CLANG_WARN_ENUM_CONVERSION = YES;
				CLANG_WARN_INFINITE_RECURSION = YES;
				CLANG_WARN_INT_CONVERSION = YES;
				CLANG_WARN_OBJC_ROOT_CLASS = YES_ERROR;
				CLANG_WARN_SUSPICIOUS_MOVES = YES;
				CLANG_WARN_UNREACHABLE_CODE = YES;
				CLANG_WARN__DUPLICATE_METHOD_MATCH = YES;
				"CODE_SIGN_IDENTITY[sdk=iphoneos*]" = "iPhone Developer";
				COPY_PHASE_STRIP = NO;
				DEBUG_INFORMATION_FORMAT = dwarf;
				ENABLE_STRICT_OBJC_MSGSEND = YES;
				ENABLE_TESTABILITY = YES;
				GCC_C_LANGUAGE_STANDARD = gnu99;
				GCC_DYNAMIC_NO_PIC = NO;
				GCC_NO_COMMON_BLOCKS = YES;
				GCC_OPTIMIZATION_LEVEL = 0;
				GCC_PREPROCESSOR_DEFINITIONS = (
					"DEBUG=1",
					"$(inherited)",
				);
				GCC_WARN_64_TO_32_BIT_CONVERSION = YES;
				GCC_WARN_ABOUT_RETURN_TYPE = YES_ERROR;
				GCC_WARN_UNDECLARED_SELECTOR = YES;
				GCC_WARN_UNINITIALIZED_AUTOS = YES_AGGRESSIVE;
				GCC_WARN_UNUSED_FUNCTION = YES;
				GCC_WARN_UNUSED_VARIABLE = YES;
				IPHONEOS_DEPLOYMENT_TARGET = 10.0;
				MTL_ENABLE_DEBUG_INFO = YES;
				ONLY_ACTIVE_ARCH = YES;
				SDKROOT = iphoneos;
				SWIFT_ACTIVE_COMPILATION_CONDITIONS = DEBUG;
				SWIFT_OPTIMIZATION_LEVEL = "-Onone";
			};
			name = Debug;
		};
		D8B2783B1D78CBD100B8AC25 /* Release */ = {
			isa = XCBuildConfiguration;
			buildSettings = {
				ALWAYS_SEARCH_USER_PATHS = NO;
				CLANG_ANALYZER_NONNULL = YES;
				CLANG_CXX_LANGUAGE_STANDARD = "gnu++0x";
				CLANG_CXX_LIBRARY = "libc++";
				CLANG_ENABLE_MODULES = YES;
				CLANG_ENABLE_OBJC_ARC = YES;
				CLANG_WARN_BOOL_CONVERSION = YES;
				CLANG_WARN_CONSTANT_CONVERSION = YES;
				CLANG_WARN_DIRECT_OBJC_ISA_USAGE = YES_ERROR;
				CLANG_WARN_DOCUMENTATION_COMMENTS = YES;
				CLANG_WARN_EMPTY_BODY = YES;
				CLANG_WARN_ENUM_CONVERSION = YES;
				CLANG_WARN_INFINITE_RECURSION = YES;
				CLANG_WARN_INT_CONVERSION = YES;
				CLANG_WARN_OBJC_ROOT_CLASS = YES_ERROR;
				CLANG_WARN_SUSPICIOUS_MOVES = YES;
				CLANG_WARN_UNREACHABLE_CODE = YES;
				CLANG_WARN__DUPLICATE_METHOD_MATCH = YES;
				"CODE_SIGN_IDENTITY[sdk=iphoneos*]" = "iPhone Developer";
				COPY_PHASE_STRIP = NO;
				DEBUG_INFORMATION_FORMAT = "dwarf-with-dsym";
				ENABLE_NS_ASSERTIONS = NO;
				ENABLE_STRICT_OBJC_MSGSEND = YES;
				GCC_C_LANGUAGE_STANDARD = gnu99;
				GCC_NO_COMMON_BLOCKS = YES;
				GCC_WARN_64_TO_32_BIT_CONVERSION = YES;
				GCC_WARN_ABOUT_RETURN_TYPE = YES_ERROR;
				GCC_WARN_UNDECLARED_SELECTOR = YES;
				GCC_WARN_UNINITIALIZED_AUTOS = YES_AGGRESSIVE;
				GCC_WARN_UNUSED_FUNCTION = YES;
				GCC_WARN_UNUSED_VARIABLE = YES;
				IPHONEOS_DEPLOYMENT_TARGET = 10.0;
				MTL_ENABLE_DEBUG_INFO = NO;
				SDKROOT = iphoneos;
				SWIFT_OPTIMIZATION_LEVEL = "-Owholemodule";
				VALIDATE_PRODUCT = YES;
			};
			name = Release;
		};
		D8B2783D1D78CBD100B8AC25 /* Debug */ = {
			isa = XCBuildConfiguration;
			buildSettings = {
				ASSETCATALOG_COMPILER_APPICON_NAME = "iMessage App Icon";
				CODE_SIGN_ENTITLEMENTS = MessagesExtension/MessagesExtension.entitlements;
				DEVELOPMENT_TEAM = 4UNCRH2N42;
				INFOPLIST_FILE = MessagesExtension/Info.plist;
				LD_RUNPATH_SEARCH_PATHS = "$(inherited) @executable_path/Frameworks @executable_path/../../Frameworks";
				PRODUCT_BUNDLE_IDENTIFIER = com.nvariance.GhostPics.MessagesExtension;
				PRODUCT_NAME = "$(TARGET_NAME)";
				SKIP_INSTALL = YES;
				SWIFT_ACTIVE_COMPILATION_CONDITIONS = DEBUG;
				SWIFT_OBJC_BRIDGING_HEADER = "";
				SWIFT_VERSION = 3.0;
			};
			name = Debug;
		};
		D8B2783E1D78CBD100B8AC25 /* Release */ = {
			isa = XCBuildConfiguration;
			buildSettings = {
				ASSETCATALOG_COMPILER_APPICON_NAME = "iMessage App Icon";
				CODE_SIGN_ENTITLEMENTS = MessagesExtension/MessagesExtension.entitlements;
				DEVELOPMENT_TEAM = 4UNCRH2N42;
				INFOPLIST_FILE = MessagesExtension/Info.plist;
				LD_RUNPATH_SEARCH_PATHS = "$(inherited) @executable_path/Frameworks @executable_path/../../Frameworks";
				PRODUCT_BUNDLE_IDENTIFIER = com.nvariance.GhostPics.MessagesExtension;
				PRODUCT_NAME = "$(TARGET_NAME)";
				SKIP_INSTALL = YES;
				SWIFT_OBJC_BRIDGING_HEADER = "";
				SWIFT_VERSION = 3.0;
			};
			name = Release;
		};
		D8B278411D78CBD100B8AC25 /* Debug */ = {
			isa = XCBuildConfiguration;
			buildSettings = {
				ALWAYS_EMBED_SWIFT_STANDARD_LIBRARIES = YES;
				ASSETCATALOG_COMPILER_APPICON_NAME = AppIcon;
				CLANG_ENABLE_MODULES = YES;
				DEVELOPMENT_TEAM = 4UNCRH2N42;
				INFOPLIST_FILE = GhostPics/Info.plist;
				LD_RUNPATH_SEARCH_PATHS = "$(inherited) @executable_path/Frameworks @loader_path/Frameworks";
				PRODUCT_BUNDLE_IDENTIFIER = com.nvariance.GhostPics;
				PRODUCT_NAME = "$(TARGET_NAME)";
				SWIFT_OPTIMIZATION_LEVEL = "-Onone";
				SWIFT_VERSION = 3.0;
				TARGETED_DEVICE_FAMILY = "1,2";
			};
			name = Debug;
		};
		D8B278421D78CBD100B8AC25 /* Release */ = {
			isa = XCBuildConfiguration;
			buildSettings = {
				ALWAYS_EMBED_SWIFT_STANDARD_LIBRARIES = YES;
				ASSETCATALOG_COMPILER_APPICON_NAME = AppIcon;
				CLANG_ENABLE_MODULES = YES;
				DEVELOPMENT_TEAM = 4UNCRH2N42;
				INFOPLIST_FILE = GhostPics/Info.plist;
				LD_RUNPATH_SEARCH_PATHS = "$(inherited) @executable_path/Frameworks @loader_path/Frameworks";
				PRODUCT_BUNDLE_IDENTIFIER = com.nvariance.GhostPics;
				PRODUCT_NAME = "$(TARGET_NAME)";
				SWIFT_VERSION = 3.0;
				TARGETED_DEVICE_FAMILY = "1,2";
			};
			name = Release;
		};
/* End XCBuildConfiguration section */

/* Begin XCConfigurationList section */
		D8B2781D1D78CBD100B8AC25 /* Build configuration list for PBXProject "GhostPics" */ = {
			isa = XCConfigurationList;
			buildConfigurations = (
				D8B2783A1D78CBD100B8AC25 /* Debug */,
				D8AAD1211D89DD48004A2094 /* Local */,
				D8AAD1241D89DD50004A2094 /* Remote */,
				D8B2783B1D78CBD100B8AC25 /* Release */,
			);
			defaultConfigurationIsVisible = 0;
			defaultConfigurationName = Release;
		};
		D8B2783C1D78CBD100B8AC25 /* Build configuration list for PBXNativeTarget "MessagesExtension" */ = {
			isa = XCConfigurationList;
			buildConfigurations = (
				D8B2783D1D78CBD100B8AC25 /* Debug */,
				D8AAD1231D89DD48004A2094 /* Local */,
				D8AAD1261D89DD50004A2094 /* Remote */,
				D8B2783E1D78CBD100B8AC25 /* Release */,
			);
			defaultConfigurationIsVisible = 0;
			defaultConfigurationName = Release;
		};
		D8B278401D78CBD100B8AC25 /* Build configuration list for PBXNativeTarget "GhostPics" */ = {
			isa = XCConfigurationList;
			buildConfigurations = (
				D8B278411D78CBD100B8AC25 /* Debug */,
				D8AAD1221D89DD48004A2094 /* Local */,
				D8AAD1251D89DD50004A2094 /* Remote */,
				D8B278421D78CBD100B8AC25 /* Release */,
			);
			defaultConfigurationIsVisible = 0;
			defaultConfigurationName = Release;
		};
/* End XCConfigurationList section */
	};
	rootObject = D8B2781A1D78CBD100B8AC25 /* Project object */;
}
